
Microsoft Visual Studio Solution File, Format Version 12.00
# Visual Studio Version 17
VisualStudioVersion = 17.1.32407.343
MinimumVisualStudioVersion = 10.0.40219.1
Project("{8BC9CEB8-8B4A-11D0-8D11-00A0C91BC942}") = "001_bmi", "001_bmi\001_bmi.vcxproj", "{85A061A5-9116-4A34-9FBB-ACEA4EC78481}"
EndProject
Project("{8BC9CEB8-8B4A-11D0-8D11-00A0C91BC942}") = "002_bmi_CPP", "002_bmi_CPP\002_bmi_CPP.vcxproj", "{F6CA33A0-DBB1-4770-9415-3F93FED3A66D}"
EndProject
Project("{FAE04EC0-301F-11D3-BF4B-00C04F79EFBC}") = "003_bmi_CS", "003_bmi_CS\003_bmi_CS.csproj", "{18CA71D2-4F37-4540-82FE-BE1DAB46EC1D}"
EndProject
Project("{FAE04EC0-301F-11D3-BF4B-00C04F79EFBC}") = "004_bmi_Form", "004_bmi_Form\004_bmi_Form.csproj", "{B5916496-EFC7-48B8-B370-CAF59AE9754D}"
EndProject
Project("{FAE04EC0-301F-11D3-BF4B-00C04F79EFBC}") = "005_bmi_Form", "005_bmi_Form\005_bmi_Form.csproj", "{03B2DAA0-87D0-49FB-8167-2EC8032F884C}"
EndProject
Project("{FAE04EC0-301F-11D3-BF4B-00C04F79EFBC}") = "006_bmi_Form", "006_bmi_Form\006_bmi_Form.csproj", "{4B68A996-20B6-4E2B-A984-C24D9F9109D7}"
EndProject
Project("{FAE04EC0-301F-11D3-BF4B-00C04F79EFBC}") = "007_bmi_Form", "007_bmi_Form\007_bmi_Form.csproj", "{AA7AEF53-DD1F-4FE2-87E1-B598C3FE410C}"
EndProject
Project("{FAE04EC0-301F-11D3-BF4B-00C04F79EFBC}") = "008_login_Form", "008_bmi_Form\008_login_Form.csproj", "{44F6653F-A88E-4D9F-A3C5-E29BD7213A62}"
EndProject
Project("{FAE04EC0-301F-11D3-BF4B-00C04F79EFBC}") = "009_Format_Form", "009_Format_Form\009_Format_Form.csproj", "{7499B9D0-2C61-478E-A8EC-FE026CA72A6B}"
EndProject
Project("{FAE04EC0-301F-11D3-BF4B-00C04F79EFBC}") = "010_label_Form", "010_label_Form\010_label_Form.csproj", "{50BB89D9-7088-44AF-809B-BCDA033A25C6}"
EndProject
Project("{FAE04EC0-301F-11D3-BF4B-00C04F79EFBC}") = "011_MessageBox_Form", "011_MessageBox_Form\011_MessageBox_Form.csproj", "{69CB8328-49AA-487B-95BB-C9FF0208A62B}"
EndProject
Project("{FAE04EC0-301F-11D3-BF4B-00C04F79EFBC}") = "012_labels_Form", "012_labels_Form\012_labels_Form.csproj", "{C5E07F5E-8D53-45EB-83E8-7C9F0648417F}"
EndProject
Project("{FAE04EC0-301F-11D3-BF4B-00C04F79EFBC}") = "013_CheckBox_Form", "013_CheckBox_Form\013_CheckBox_Form.csproj", "{7D5A276B-8E65-4C64-A595-920E8D753857}"
EndProject
Project("{FAE04EC0-301F-11D3-BF4B-00C04F79EFBC}") = "014_RadioButton_Form", "014_RadioButton_Form\014_RadioButton_Form.csproj", "{AB6A55CF-8883-4553-A605-2B09CD6A458A}"
EndProject
Project("{FAE04EC0-301F-11D3-BF4B-00C04F79EFBC}") = "015_celcious", "015_celcious\015_celcious.csproj", "{55F24ABA-838A-4F25-8D15-F10EF9E0A97D}"
EndProject
Project("{FAE04EC0-301F-11D3-BF4B-00C04F79EFBC}") = "016_caculator_Form", "016_caculator_Form\016_caculator_Form.csproj", "{335ECD5F-AE86-44A4-BFF1-3E018FA9C884}"
EndProject
Project("{FAE04EC0-301F-11D3-BF4B-00C04F79EFBC}") = "017_combobox_gradeCaculator_Form", "017_combobox_Form\017_combobox_gradeCaculator_Form.csproj", "{09444F4B-FB85-4171-957E-327EF18A4736}"
EndProject
Global
	GlobalSection(SolutionConfigurationPlatforms) = preSolution
		Debug|Any CPU = Debug|Any CPU
		Debug|x64 = Debug|x64
		Debug|x86 = Debug|x86
		Release|Any CPU = Release|Any CPU
		Release|x64 = Release|x64
		Release|x86 = Release|x86
	EndGlobalSection
	GlobalSection(ProjectConfigurationPlatforms) = postSolution
		{85A061A5-9116-4A34-9FBB-ACEA4EC78481}.Debug|Any CPU.ActiveCfg = Debug|x64
		{85A061A5-9116-4A34-9FBB-ACEA4EC78481}.Debug|Any CPU.Build.0 = Debug|x64
		{85A061A5-9116-4A34-9FBB-ACEA4EC78481}.Debug|x64.ActiveCfg = Debug|x64
		{85A061A5-9116-4A34-9FBB-ACEA4EC78481}.Debug|x64.Build.0 = Debug|x64
		{85A061A5-9116-4A34-9FBB-ACEA4EC78481}.Debug|x86.ActiveCfg = Debug|Win32
		{85A061A5-9116-4A34-9FBB-ACEA4EC78481}.Debug|x86.Build.0 = Debug|Win32
		{85A061A5-9116-4A34-9FBB-ACEA4EC78481}.Release|Any CPU.ActiveCfg = Release|x64
		{85A061A5-9116-4A34-9FBB-ACEA4EC78481}.Release|Any CPU.Build.0 = Release|x64
		{85A061A5-9116-4A34-9FBB-ACEA4EC78481}.Release|x64.ActiveCfg = Release|x64
		{85A061A5-9116-4A34-9FBB-ACEA4EC78481}.Release|x64.Build.0 = Release|x64
		{85A061A5-9116-4A34-9FBB-ACEA4EC78481}.Release|x86.ActiveCfg = Release|Win32
		{85A061A5-9116-4A34-9FBB-ACEA4EC78481}.Release|x86.Build.0 = Release|Win32
		{F6CA33A0-DBB1-4770-9415-3F93FED3A66D}.Debug|Any CPU.ActiveCfg = Debug|x64
		{F6CA33A0-DBB1-4770-9415-3F93FED3A66D}.Debug|Any CPU.Build.0 = Debug|x64
		{F6CA33A0-DBB1-4770-9415-3F93FED3A66D}.Debug|x64.ActiveCfg = Debug|x64
		{F6CA33A0-DBB1-4770-9415-3F93FED3A66D}.Debug|x64.Build.0 = Debug|x64
		{F6CA33A0-DBB1-4770-9415-3F93FED3A66D}.Debug|x86.ActiveCfg = Debug|Win32
		{F6CA33A0-DBB1-4770-9415-3F93FED3A66D}.Debug|x86.Build.0 = Debug|Win32
		{F6CA33A0-DBB1-4770-9415-3F93FED3A66D}.Release|Any CPU.ActiveCfg = Release|x64
		{F6CA33A0-DBB1-4770-9415-3F93FED3A66D}.Release|Any CPU.Build.0 = Release|x64
		{F6CA33A0-DBB1-4770-9415-3F93FED3A66D}.Release|x64.ActiveCfg = Release|x64
		{F6CA33A0-DBB1-4770-9415-3F93FED3A66D}.Release|x64.Build.0 = Release|x64
		{F6CA33A0-DBB1-4770-9415-3F93FED3A66D}.Release|x86.ActiveCfg = Release|Win32
		{F6CA33A0-DBB1-4770-9415-3F93FED3A66D}.Release|x86.Build.0 = Release|Win32
		{18CA71D2-4F37-4540-82FE-BE1DAB46EC1D}.Debug|Any CPU.ActiveCfg = Debug|Any CPU
		{18CA71D2-4F37-4540-82FE-BE1DAB46EC1D}.Debug|Any CPU.Build.0 = Debug|Any CPU
		{18CA71D2-4F37-4540-82FE-BE1DAB46EC1D}.Debug|x64.ActiveCfg = Debug|Any CPU
		{18CA71D2-4F37-4540-82FE-BE1DAB46EC1D}.Debug|x64.Build.0 = Debug|Any CPU
		{18CA71D2-4F37-4540-82FE-BE1DAB46EC1D}.Debug|x86.ActiveCfg = Debug|Any CPU
		{18CA71D2-4F37-4540-82FE-BE1DAB46EC1D}.Debug|x86.Build.0 = Debug|Any CPU
		{18CA71D2-4F37-4540-82FE-BE1DAB46EC1D}.Release|Any CPU.ActiveCfg = Release|Any CPU
		{18CA71D2-4F37-4540-82FE-BE1DAB46EC1D}.Release|Any CPU.Build.0 = Release|Any CPU
		{18CA71D2-4F37-4540-82FE-BE1DAB46EC1D}.Release|x64.ActiveCfg = Release|Any CPU
		{18CA71D2-4F37-4540-82FE-BE1DAB46EC1D}.Release|x64.Build.0 = Release|Any CPU
		{18CA71D2-4F37-4540-82FE-BE1DAB46EC1D}.Release|x86.ActiveCfg = Release|Any CPU
		{18CA71D2-4F37-4540-82FE-BE1DAB46EC1D}.Release|x86.Build.0 = Release|Any CPU
		{B5916496-EFC7-48B8-B370-CAF59AE9754D}.Debug|Any CPU.ActiveCfg = Debug|Any CPU
		{B5916496-EFC7-48B8-B370-CAF59AE9754D}.Debug|Any CPU.Build.0 = Debug|Any CPU
		{B5916496-EFC7-48B8-B370-CAF59AE9754D}.Debug|x64.ActiveCfg = Debug|Any CPU
		{B5916496-EFC7-48B8-B370-CAF59AE9754D}.Debug|x64.Build.0 = Debug|Any CPU
		{B5916496-EFC7-48B8-B370-CAF59AE9754D}.Debug|x86.ActiveCfg = Debug|Any CPU
		{B5916496-EFC7-48B8-B370-CAF59AE9754D}.Debug|x86.Build.0 = Debug|Any CPU
		{B5916496-EFC7-48B8-B370-CAF59AE9754D}.Release|Any CPU.ActiveCfg = Release|Any CPU
		{B5916496-EFC7-48B8-B370-CAF59AE9754D}.Release|Any CPU.Build.0 = Release|Any CPU
		{B5916496-EFC7-48B8-B370-CAF59AE9754D}.Release|x64.ActiveCfg = Release|Any CPU
		{B5916496-EFC7-48B8-B370-CAF59AE9754D}.Release|x64.Build.0 = Release|Any CPU
		{B5916496-EFC7-48B8-B370-CAF59AE9754D}.Release|x86.ActiveCfg = Release|Any CPU
		{B5916496-EFC7-48B8-B370-CAF59AE9754D}.Release|x86.Build.0 = Release|Any CPU
		{03B2DAA0-87D0-49FB-8167-2EC8032F884C}.Debug|Any CPU.ActiveCfg = Debug|Any CPU
		{03B2DAA0-87D0-49FB-8167-2EC8032F884C}.Debug|Any CPU.Build.0 = Debug|Any CPU
		{03B2DAA0-87D0-49FB-8167-2EC8032F884C}.Debug|x64.ActiveCfg = Debug|Any CPU
		{03B2DAA0-87D0-49FB-8167-2EC8032F884C}.Debug|x64.Build.0 = Debug|Any CPU
		{03B2DAA0-87D0-49FB-8167-2EC8032F884C}.Debug|x86.ActiveCfg = Debug|Any CPU
		{03B2DAA0-87D0-49FB-8167-2EC8032F884C}.Debug|x86.Build.0 = Debug|Any CPU
		{03B2DAA0-87D0-49FB-8167-2EC8032F884C}.Release|Any CPU.ActiveCfg = Release|Any CPU
		{03B2DAA0-87D0-49FB-8167-2EC8032F884C}.Release|Any CPU.Build.0 = Release|Any CPU
		{03B2DAA0-87D0-49FB-8167-2EC8032F884C}.Release|x64.ActiveCfg = Release|Any CPU
		{03B2DAA0-87D0-49FB-8167-2EC8032F884C}.Release|x64.Build.0 = Release|Any CPU
		{03B2DAA0-87D0-49FB-8167-2EC8032F884C}.Release|x86.ActiveCfg = Release|Any CPU
		{03B2DAA0-87D0-49FB-8167-2EC8032F884C}.Release|x86.Build.0 = Release|Any CPU
		{4B68A996-20B6-4E2B-A984-C24D9F9109D7}.Debug|Any CPU.ActiveCfg = Debug|Any CPU
		{4B68A996-20B6-4E2B-A984-C24D9F9109D7}.Debug|Any CPU.Build.0 = Debug|Any CPU
		{4B68A996-20B6-4E2B-A984-C24D9F9109D7}.Debug|x64.ActiveCfg = Debug|Any CPU
		{4B68A996-20B6-4E2B-A984-C24D9F9109D7}.Debug|x64.Build.0 = Debug|Any CPU
		{4B68A996-20B6-4E2B-A984-C24D9F9109D7}.Debug|x86.ActiveCfg = Debug|Any CPU
		{4B68A996-20B6-4E2B-A984-C24D9F9109D7}.Debug|x86.Build.0 = Debug|Any CPU
		{4B68A996-20B6-4E2B-A984-C24D9F9109D7}.Release|Any CPU.ActiveCfg = Release|Any CPU
		{4B68A996-20B6-4E2B-A984-C24D9F9109D7}.Release|Any CPU.Build.0 = Release|Any CPU
		{4B68A996-20B6-4E2B-A984-C24D9F9109D7}.Release|x64.ActiveCfg = Release|Any CPU
		{4B68A996-20B6-4E2B-A984-C24D9F9109D7}.Release|x64.Build.0 = Release|Any CPU
		{4B68A996-20B6-4E2B-A984-C24D9F9109D7}.Release|x86.ActiveCfg = Release|Any CPU
		{4B68A996-20B6-4E2B-A984-C24D9F9109D7}.Release|x86.Build.0 = Release|Any CPU
		{AA7AEF53-DD1F-4FE2-87E1-B598C3FE410C}.Debug|Any CPU.ActiveCfg = Debug|Any CPU
		{AA7AEF53-DD1F-4FE2-87E1-B598C3FE410C}.Debug|Any CPU.Build.0 = Debug|Any CPU
		{AA7AEF53-DD1F-4FE2-87E1-B598C3FE410C}.Debug|x64.ActiveCfg = Debug|Any CPU
		{AA7AEF53-DD1F-4FE2-87E1-B598C3FE410C}.Debug|x64.Build.0 = Debug|Any CPU
		{AA7AEF53-DD1F-4FE2-87E1-B598C3FE410C}.Debug|x86.ActiveCfg = Debug|Any CPU
		{AA7AEF53-DD1F-4FE2-87E1-B598C3FE410C}.Debug|x86.Build.0 = Debug|Any CPU
		{AA7AEF53-DD1F-4FE2-87E1-B598C3FE410C}.Release|Any CPU.ActiveCfg = Release|Any CPU
		{AA7AEF53-DD1F-4FE2-87E1-B598C3FE410C}.Release|Any CPU.Build.0 = Release|Any CPU
		{AA7AEF53-DD1F-4FE2-87E1-B598C3FE410C}.Release|x64.ActiveCfg = Release|Any CPU
		{AA7AEF53-DD1F-4FE2-87E1-B598C3FE410C}.Release|x64.Build.0 = Release|Any CPU
		{AA7AEF53-DD1F-4FE2-87E1-B598C3FE410C}.Release|x86.ActiveCfg = Release|Any CPU
		{AA7AEF53-DD1F-4FE2-87E1-B598C3FE410C}.Release|x86.Build.0 = Release|Any CPU
		{44F6653F-A88E-4D9F-A3C5-E29BD7213A62}.Debug|Any CPU.ActiveCfg = Debug|Any CPU
		{44F6653F-A88E-4D9F-A3C5-E29BD7213A62}.Debug|Any CPU.Build.0 = Debug|Any CPU
		{44F6653F-A88E-4D9F-A3C5-E29BD7213A62}.Debug|x64.ActiveCfg = Debug|Any CPU
		{44F6653F-A88E-4D9F-A3C5-E29BD7213A62}.Debug|x64.Build.0 = Debug|Any CPU
		{44F6653F-A88E-4D9F-A3C5-E29BD7213A62}.Debug|x86.ActiveCfg = Debug|Any CPU
		{44F6653F-A88E-4D9F-A3C5-E29BD7213A62}.Debug|x86.Build.0 = Debug|Any CPU
		{44F6653F-A88E-4D9F-A3C5-E29BD7213A62}.Release|Any CPU.ActiveCfg = Release|Any CPU
		{44F6653F-A88E-4D9F-A3C5-E29BD7213A62}.Release|Any CPU.Build.0 = Release|Any CPU
		{44F6653F-A88E-4D9F-A3C5-E29BD7213A62}.Release|x64.ActiveCfg = Release|Any CPU
		{44F6653F-A88E-4D9F-A3C5-E29BD7213A62}.Release|x64.Build.0 = Release|Any CPU
		{44F6653F-A88E-4D9F-A3C5-E29BD7213A62}.Release|x86.ActiveCfg = Release|Any CPU
		{44F6653F-A88E-4D9F-A3C5-E29BD7213A62}.Release|x86.Build.0 = Release|Any CPU
		{7499B9D0-2C61-478E-A8EC-FE026CA72A6B}.Debug|Any CPU.ActiveCfg = Debug|Any CPU
		{7499B9D0-2C61-478E-A8EC-FE026CA72A6B}.Debug|Any CPU.Build.0 = Debug|Any CPU
		{7499B9D0-2C61-478E-A8EC-FE026CA72A6B}.Debug|x64.ActiveCfg = Debug|Any CPU
		{7499B9D0-2C61-478E-A8EC-FE026CA72A6B}.Debug|x64.Build.0 = Debug|Any CPU
		{7499B9D0-2C61-478E-A8EC-FE026CA72A6B}.Debug|x86.ActiveCfg = Debug|Any CPU
		{7499B9D0-2C61-478E-A8EC-FE026CA72A6B}.Debug|x86.Build.0 = Debug|Any CPU
		{7499B9D0-2C61-478E-A8EC-FE026CA72A6B}.Release|Any CPU.ActiveCfg = Release|Any CPU
		{7499B9D0-2C61-478E-A8EC-FE026CA72A6B}.Release|Any CPU.Build.0 = Release|Any CPU
		{7499B9D0-2C61-478E-A8EC-FE026CA72A6B}.Release|x64.ActiveCfg = Release|Any CPU
		{7499B9D0-2C61-478E-A8EC-FE026CA72A6B}.Release|x64.Build.0 = Release|Any CPU
		{7499B9D0-2C61-478E-A8EC-FE026CA72A6B}.Release|x86.ActiveCfg = Release|Any CPU
		{7499B9D0-2C61-478E-A8EC-FE026CA72A6B}.Release|x86.Build.0 = Release|Any CPU
		{50BB89D9-7088-44AF-809B-BCDA033A25C6}.Debug|Any CPU.ActiveCfg = Debug|Any CPU
		{50BB89D9-7088-44AF-809B-BCDA033A25C6}.Debug|Any CPU.Build.0 = Debug|Any CPU
		{50BB89D9-7088-44AF-809B-BCDA033A25C6}.Debug|x64.ActiveCfg = Debug|Any CPU
		{50BB89D9-7088-44AF-809B-BCDA033A25C6}.Debug|x64.Build.0 = Debug|Any CPU
		{50BB89D9-7088-44AF-809B-BCDA033A25C6}.Debug|x86.ActiveCfg = Debug|Any CPU
		{50BB89D9-7088-44AF-809B-BCDA033A25C6}.Debug|x86.Build.0 = Debug|Any CPU
		{50BB89D9-7088-44AF-809B-BCDA033A25C6}.Release|Any CPU.ActiveCfg = Release|Any CPU
		{50BB89D9-7088-44AF-809B-BCDA033A25C6}.Release|Any CPU.Build.0 = Release|Any CPU
		{50BB89D9-7088-44AF-809B-BCDA033A25C6}.Release|x64.ActiveCfg = Release|Any CPU
		{50BB89D9-7088-44AF-809B-BCDA033A25C6}.Release|x64.Build.0 = Release|Any CPU
		{50BB89D9-7088-44AF-809B-BCDA033A25C6}.Release|x86.ActiveCfg = Release|Any CPU
		{50BB89D9-7088-44AF-809B-BCDA033A25C6}.Release|x86.Build.0 = Release|Any CPU
		{69CB8328-49AA-487B-95BB-C9FF0208A62B}.Debug|Any CPU.ActiveCfg = Debug|Any CPU
		{69CB8328-49AA-487B-95BB-C9FF0208A62B}.Debug|Any CPU.Build.0 = Debug|Any CPU
		{69CB8328-49AA-487B-95BB-C9FF0208A62B}.Debug|x64.ActiveCfg = Debug|Any CPU
		{69CB8328-49AA-487B-95BB-C9FF0208A62B}.Debug|x64.Build.0 = Debug|Any CPU
		{69CB8328-49AA-487B-95BB-C9FF0208A62B}.Debug|x86.ActiveCfg = Debug|Any CPU
		{69CB8328-49AA-487B-95BB-C9FF0208A62B}.Debug|x86.Build.0 = Debug|Any CPU
		{69CB8328-49AA-487B-95BB-C9FF0208A62B}.Release|Any CPU.ActiveCfg = Release|Any CPU
		{69CB8328-49AA-487B-95BB-C9FF0208A62B}.Release|Any CPU.Build.0 = Release|Any CPU
		{69CB8328-49AA-487B-95BB-C9FF0208A62B}.Release|x64.ActiveCfg = Release|Any CPU
		{69CB8328-49AA-487B-95BB-C9FF0208A62B}.Release|x64.Build.0 = Release|Any CPU
		{69CB8328-49AA-487B-95BB-C9FF0208A62B}.Release|x86.ActiveCfg = Release|Any CPU
		{69CB8328-49AA-487B-95BB-C9FF0208A62B}.Release|x86.Build.0 = Release|Any CPU
		{C5E07F5E-8D53-45EB-83E8-7C9F0648417F}.Debug|Any CPU.ActiveCfg = Debug|Any CPU
		{C5E07F5E-8D53-45EB-83E8-7C9F0648417F}.Debug|Any CPU.Build.0 = Debug|Any CPU
		{C5E07F5E-8D53-45EB-83E8-7C9F0648417F}.Debug|x64.ActiveCfg = Debug|Any CPU
		{C5E07F5E-8D53-45EB-83E8-7C9F0648417F}.Debug|x64.Build.0 = Debug|Any CPU
		{C5E07F5E-8D53-45EB-83E8-7C9F0648417F}.Debug|x86.ActiveCfg = Debug|Any CPU
		{C5E07F5E-8D53-45EB-83E8-7C9F0648417F}.Debug|x86.Build.0 = Debug|Any CPU
		{C5E07F5E-8D53-45EB-83E8-7C9F0648417F}.Release|Any CPU.ActiveCfg = Release|Any CPU
		{C5E07F5E-8D53-45EB-83E8-7C9F0648417F}.Release|Any CPU.Build.0 = Release|Any CPU
		{C5E07F5E-8D53-45EB-83E8-7C9F0648417F}.Release|x64.ActiveCfg = Release|Any CPU
		{C5E07F5E-8D53-45EB-83E8-7C9F0648417F}.Release|x64.Build.0 = Release|Any CPU
		{C5E07F5E-8D53-45EB-83E8-7C9F0648417F}.Release|x86.ActiveCfg = Release|Any CPU
		{C5E07F5E-8D53-45EB-83E8-7C9F0648417F}.Release|x86.Build.0 = Release|Any CPU
		{7D5A276B-8E65-4C64-A595-920E8D753857}.Debug|Any CPU.ActiveCfg = Debug|Any CPU
		{7D5A276B-8E65-4C64-A595-920E8D753857}.Debug|Any CPU.Build.0 = Debug|Any CPU
		{7D5A276B-8E65-4C64-A595-920E8D753857}.Debug|x64.ActiveCfg = Debug|Any CPU
		{7D5A276B-8E65-4C64-A595-920E8D753857}.Debug|x64.Build.0 = Debug|Any CPU
		{7D5A276B-8E65-4C64-A595-920E8D753857}.Debug|x86.ActiveCfg = Debug|Any CPU
		{7D5A276B-8E65-4C64-A595-920E8D753857}.Debug|x86.Build.0 = Debug|Any CPU
		{7D5A276B-8E65-4C64-A595-920E8D753857}.Release|Any CPU.ActiveCfg = Release|Any CPU
		{7D5A276B-8E65-4C64-A595-920E8D753857}.Release|Any CPU.Build.0 = Release|Any CPU
		{7D5A276B-8E65-4C64-A595-920E8D753857}.Release|x64.ActiveCfg = Release|Any CPU
		{7D5A276B-8E65-4C64-A595-920E8D753857}.Release|x64.Build.0 = Release|Any CPU
		{7D5A276B-8E65-4C64-A595-920E8D753857}.Release|x86.ActiveCfg = Release|Any CPU
		{7D5A276B-8E65-4C64-A595-920E8D753857}.Release|x86.Build.0 = Release|Any CPU
		{AB6A55CF-8883-4553-A605-2B09CD6A458A}.Debug|Any CPU.ActiveCfg = Debug|Any CPU
		{AB6A55CF-8883-4553-A605-2B09CD6A458A}.Debug|Any CPU.Build.0 = Debug|Any CPU
		{AB6A55CF-8883-4553-A605-2B09CD6A458A}.Debug|x64.ActiveCfg = Debug|Any CPU
		{AB6A55CF-8883-4553-A605-2B09CD6A458A}.Debug|x64.Build.0 = Debug|Any CPU
		{AB6A55CF-8883-4553-A605-2B09CD6A458A}.Debug|x86.ActiveCfg = Debug|Any CPU
		{AB6A55CF-8883-4553-A605-2B09CD6A458A}.Debug|x86.Build.0 = Debug|Any CPU
		{AB6A55CF-8883-4553-A605-2B09CD6A458A}.Release|Any CPU.ActiveCfg = Release|Any CPU
		{AB6A55CF-8883-4553-A605-2B09CD6A458A}.Release|Any CPU.Build.0 = Release|Any CPU
		{AB6A55CF-8883-4553-A605-2B09CD6A458A}.Release|x64.ActiveCfg = Release|Any CPU
		{AB6A55CF-8883-4553-A605-2B09CD6A458A}.Release|x64.Build.0 = Release|Any CPU
		{AB6A55CF-8883-4553-A605-2B09CD6A458A}.Release|x86.ActiveCfg = Release|Any CPU
		{AB6A55CF-8883-4553-A605-2B09CD6A458A}.Release|x86.Build.0 = Release|Any CPU
		{55F24ABA-838A-4F25-8D15-F10EF9E0A97D}.Debug|Any CPU.ActiveCfg = Debug|Any CPU
		{55F24ABA-838A-4F25-8D15-F10EF9E0A97D}.Debug|Any CPU.Build.0 = Debug|Any CPU
		{55F24ABA-838A-4F25-8D15-F10EF9E0A97D}.Debug|x64.ActiveCfg = Debug|Any CPU
		{55F24ABA-838A-4F25-8D15-F10EF9E0A97D}.Debug|x64.Build.0 = Debug|Any CPU
		{55F24ABA-838A-4F25-8D15-F10EF9E0A97D}.Debug|x86.ActiveCfg = Debug|Any CPU
		{55F24ABA-838A-4F25-8D15-F10EF9E0A97D}.Debug|x86.Build.0 = Debug|Any CPU
		{55F24ABA-838A-4F25-8D15-F10EF9E0A97D}.Release|Any CPU.ActiveCfg = Release|Any CPU
		{55F24ABA-838A-4F25-8D15-F10EF9E0A97D}.Release|Any CPU.Build.0 = Release|Any CPU
		{55F24ABA-838A-4F25-8D15-F10EF9E0A97D}.Release|x64.ActiveCfg = Release|Any CPU
		{55F24ABA-838A-4F25-8D15-F10EF9E0A97D}.Release|x64.Build.0 = Release|Any CPU
		{55F24ABA-838A-4F25-8D15-F10EF9E0A97D}.Release|x86.ActiveCfg = Release|Any CPU
		{55F24ABA-838A-4F25-8D15-F10EF9E0A97D}.Release|x86.Build.0 = Release|Any CPU
		{335ECD5F-AE86-44A4-BFF1-3E018FA9C884}.Debug|Any CPU.ActiveCfg = Debug|Any CPU
		{335ECD5F-AE86-44A4-BFF1-3E018FA9C884}.Debug|Any CPU.Build.0 = Debug|Any CPU
		{335ECD5F-AE86-44A4-BFF1-3E018FA9C884}.Debug|x64.ActiveCfg = Debug|Any CPU
		{335ECD5F-AE86-44A4-BFF1-3E018FA9C884}.Debug|x64.Build.0 = Debug|Any CPU
		{335ECD5F-AE86-44A4-BFF1-3E018FA9C884}.Debug|x86.ActiveCfg = Debug|Any CPU
		{335ECD5F-AE86-44A4-BFF1-3E018FA9C884}.Debug|x86.Build.0 = Debug|Any CPU
		{335ECD5F-AE86-44A4-BFF1-3E018FA9C884}.Release|Any CPU.ActiveCfg = Release|Any CPU
		{335ECD5F-AE86-44A4-BFF1-3E018FA9C884}.Release|Any CPU.Build.0 = Release|Any CPU
		{335ECD5F-AE86-44A4-BFF1-3E018FA9C884}.Release|x64.ActiveCfg = Release|Any CPU
		{335ECD5F-AE86-44A4-BFF1-3E018FA9C884}.Release|x64.Build.0 = Release|Any CPU
		{335ECD5F-AE86-44A4-BFF1-3E018FA9C884}.Release|x86.ActiveCfg = Release|Any CPU
		{335ECD5F-AE86-44A4-BFF1-3E018FA9C884}.Release|x86.Build.0 = Release|Any CPU
		{09444F4B-FB85-4171-957E-327EF18A4736}.Debug|Any CPU.ActiveCfg = Debug|Any CPU
		{09444F4B-FB85-4171-957E-327EF18A4736}.Debug|Any CPU.Build.0 = Debug|Any CPU
		{09444F4B-FB85-4171-957E-327EF18A4736}.Debug|x64.ActiveCfg = Debug|Any CPU
		{09444F4B-FB85-4171-957E-327EF18A4736}.Debug|x64.Build.0 = Debug|Any CPU
		{09444F4B-FB85-4171-957E-327EF18A4736}.Debug|x86.ActiveCfg = Debug|Any CPU
		{09444F4B-FB85-4171-957E-327EF18A4736}.Debug|x86.Build.0 = Debug|Any CPU
		{09444F4B-FB85-4171-957E-327EF18A4736}.Release|Any CPU.ActiveCfg = Release|Any CPU
		{09444F4B-FB85-4171-957E-327EF18A4736}.Release|Any CPU.Build.0 = Release|Any CPU
		{09444F4B-FB85-4171-957E-327EF18A4736}.Release|x64.ActiveCfg = Release|Any CPU
		{09444F4B-FB85-4171-957E-327EF18A4736}.Release|x64.Build.0 = Release|Any CPU
		{09444F4B-FB85-4171-957E-327EF18A4736}.Release|x86.ActiveCfg = Release|Any CPU
		{09444F4B-FB85-4171-957E-327EF18A4736}.Release|x86.Build.0 = Release|Any CPU
	EndGlobalSection
	GlobalSection(SolutionProperties) = preSolution
		HideSolutionNode = FALSE
	EndGlobalSection
	GlobalSection(ExtensibilityGlobals) = postSolution
		SolutionGuid = {140A6782-9AA8-4ECA-B257-550B08A85B5B}
	EndGlobalSection
EndGlobal
